<?xml version="1.0" encoding="UTF-8" standalone="yes" ?>
<CodeBlocks_project_file>
	<FileVersion major="1" minor="6" />
	<Project>
		<Option title="Snow_on_head" />
		<Option pch_mode="2" />
		<Option compiler="gcc" />
		<Build>
			<Target title="Debug">
				<Option output="bin/Debug/Snow_on_head" prefix_auto="1" extension_auto="1" />
				<Option object_output="obj/Debug/" />
				<Option type="1" />
				<Option compiler="gcc" />
				<Compiler>
					<Add option="-g" />
				</Compiler>
			</Target>
			<Target title="Release">
				<Option output="bin/Release/Snow_on_head" prefix_auto="1" extension_auto="1" />
				<Option object_output="obj/Release/" />
				<Option type="1" />
				<Option compiler="gcc" />
				<Compiler>
					<Add option="-O2" />
				</Compiler>
				<Linker>
					<Add option="-s" />
				</Linker>
			</Target>
		</Build>
		<Compiler>
			<Add option="-Wall" />
			<Add directory="C:/LIBS_SDL2/SDL2-2.26.5/x86_64-w64-mingw32/include/SDL2" />
			<Add directory="C:/LIBS_SDL2/SDL2_ttf-2.20.2/x86_64-w64-mingw32/include/SDL2" />
			<Add directory="C:/LIBS_SDL2/SDL2_image-2.6.3/x86_64-w64-mingw32/include/SDL2" />
		</Compiler>
		<Linker>
			<Add option="-lmingw32" />
			<Add option="-lSDL2main" />
			<Add option="-lSDL2" />
			<Add option="-lSDL2_ttf" />
			<Add option="-lSDL2_image" />
			<Add directory="C:/LIBS_SDL2/SDL2-2.26.5/x86_64-w64-mingw32/lib" />
			<Add directory="C:/LIBS_SDL2/SDL2_ttf-2.20.2/x86_64-w64-mingw32/lib" />
			<Add directory="C:/LIBS_SDL2/SDL2_image-2.6.3/x86_64-w64-mingw32/lib" />
		</Linker>
		<Unit filename="ConstantsSize.h" />
		<Unit filename="Counter.cpp" />
		<Unit filename="Counter.hpp" />
		<Unit filename="Game.cpp" />
		<Unit filename="Game.hpp" />
		<Unit filename="GameObject.cpp" />
		<Unit filename="GameObject.hpp" />
		<Unit filename="Menu.cpp" />
		<Unit filename="Menu.hpp" />
		<Unit filename="ObjectManager.cpp" />
		<Unit filename="ObjectManager.hpp" />
		<Unit filename="ScoreObjects.cpp" />
		<Unit filename="ScoreObjects.hpp" />
		<Unit filename="TextRender.cpp" />
		<Unit filename="TextRender.hpp" />
		<Unit filename="TextureManager.cpp" />
		<Unit filename="TextureManager.hpp" />
		<Unit filename="filesForRecords.cpp" />
		<Unit filename="filesForRecords.hpp" />
		<Unit filename="initWindow.cpp" />
		<Unit filename="initWindow.hpp" />
		<Unit filename="main.cpp" />
		<Extensions>
			<lib_finder disable_auto="1" />
		</Extensions>
	</Project>
</CodeBlocks_project_file>
